
Microsoft Visual Studio Solution File, Format Version 12.00
# Visual Studio Version 17
VisualStudioVersion = 17.5.002.0
MinimumVisualStudioVersion = 10.0.40219.1
Project("{9A19103F-16F7-4668-BE54-9A1E7A4F7556}") = "DesafioFundamentos", "DesafioFundamentos\DesafioFundamentos.csproj", "{7B309B80-EE46-4817-B3A1-4CA75A01DCBE}"
EndProject
Global
	GlobalSection(SolutionConfigurationPlatforms) = preSolution
		Debug|Any CPU = Debug|Any CPU
		Release|Any CPU = Release|Any CPU
	EndGlobalSection
	GlobalSection(ProjectConfigurationPlatforms) = postSolution
		{7B309B80-EE46-4817-B3A1-4CA75A01DCBE}.Debug|Any CPU.ActiveCfg = Debug|Any CPU
		{7B309B80-EE46-4817-B3A1-4CA75A01DCBE}.Debug|Any CPU.Build.0 = Debug|Any CPU
		{7B309B80-EE46-4817-B3A1-4CA75A01DCBE}.Release|Any CPU.ActiveCfg = Release|Any CPU
		{7B309B80-EE46-4817-B3A1-4CA75A01DCBE}.Release|Any CPU.Build.0 = Release|Any CPU
	EndGlobalSection
	GlobalSection(SolutionProperties) = preSolution
		HideSolutionNode = FALSE
	EndGlobalSection
	GlobalSection(ExtensibilityGlobals) = postSolution
		SolutionGuid = {FE9D3E51-1C35-4106-B24A-EA2958FC6A3A}
	EndGlobalSection
EndGlobal
